
Microsoft Visual Studio Solution File, Format Version 12.00
# Visual Studio Version 17
VisualStudioVersion = 17.1.32421.90
MinimumVisualStudioVersion = 10.0.40219.1
Project("{9A19103F-16F7-4668-BE54-9A1E7A4F7556}") = "Client_User", "Client_User.csproj", "{0C5FD15F-BC2E-474F-B490-559C94C6F691}"
EndProject
Project("{9A19103F-16F7-4668-BE54-9A1E7A4F7556}") = "gRPCProto", "..\gRPCProto\gRPCProto.csproj", "{6FC78582-AE3E-4B62-8ABF-22D0D0B3F5E6}"
EndProject
Project("{9A19103F-16F7-4668-BE54-9A1E7A4F7556}") = "ServicesClients", "..\ServicesClients\ServicesClients.csproj", "{56B765E9-D3E9-47D2-911E-A3DB2FC4B244}"
EndProject
Global
	GlobalSection(SolutionConfigurationPlatforms) = preSolution
		Debug|Any CPU = Debug|Any CPU
		Release|Any CPU = Release|Any CPU
	EndGlobalSection
	GlobalSection(ProjectConfigurationPlatforms) = postSolution
		{0C5FD15F-BC2E-474F-B490-559C94C6F691}.Debug|Any CPU.ActiveCfg = Debug|Any CPU
		{0C5FD15F-BC2E-474F-B490-559C94C6F691}.Debug|Any CPU.Build.0 = Debug|Any CPU
		{0C5FD15F-BC2E-474F-B490-559C94C6F691}.Release|Any CPU.ActiveCfg = Release|Any CPU
		{0C5FD15F-BC2E-474F-B490-559C94C6F691}.Release|Any CPU.Build.0 = Release|Any CPU
		{6FC78582-AE3E-4B62-8ABF-22D0D0B3F5E6}.Debug|Any CPU.ActiveCfg = Debug|Any CPU
		{6FC78582-AE3E-4B62-8ABF-22D0D0B3F5E6}.Debug|Any CPU.Build.0 = Debug|Any CPU
		{6FC78582-AE3E-4B62-8ABF-22D0D0B3F5E6}.Release|Any CPU.ActiveCfg = Release|Any CPU
		{6FC78582-AE3E-4B62-8ABF-22D0D0B3F5E6}.Release|Any CPU.Build.0 = Release|Any CPU
		{56B765E9-D3E9-47D2-911E-A3DB2FC4B244}.Debug|Any CPU.ActiveCfg = Debug|Any CPU
		{56B765E9-D3E9-47D2-911E-A3DB2FC4B244}.Debug|Any CPU.Build.0 = Debug|Any CPU
		{56B765E9-D3E9-47D2-911E-A3DB2FC4B244}.Release|Any CPU.ActiveCfg = Release|Any CPU
		{56B765E9-D3E9-47D2-911E-A3DB2FC4B244}.Release|Any CPU.Build.0 = Release|Any CPU
	EndGlobalSection
	GlobalSection(SolutionProperties) = preSolution
		HideSolutionNode = FALSE
	EndGlobalSection
	GlobalSection(ExtensibilityGlobals) = postSolution
		SolutionGuid = {78A419C7-FAE9-4B6E-BED5-4DA709F39933}
	EndGlobalSection
EndGlobal
