
Microsoft Visual Studio Solution File, Format Version 12.00
# Visual Studio Version 17
VisualStudioVersion = 17.1.32421.90
MinimumVisualStudioVersion = 10.0.40219.1
Project("{FAE04EC0-301F-11D3-BF4B-00C04F79EFBC}") = "Client_Manager", "Client_Manager.csproj", "{BDAF05C2-F99A-444C-8733-ACBE3459E2B2}"
EndProject
Global
	GlobalSection(SolutionConfigurationPlatforms) = preSolution
		Debug|Any CPU = Debug|Any CPU
		Release|Any CPU = Release|Any CPU
	EndGlobalSection
	GlobalSection(ProjectConfigurationPlatforms) = postSolution
		{BDAF05C2-F99A-444C-8733-ACBE3459E2B2}.Debug|Any CPU.ActiveCfg = Debug|Any CPU
		{BDAF05C2-F99A-444C-8733-ACBE3459E2B2}.Debug|Any CPU.Build.0 = Debug|Any CPU
		{BDAF05C2-F99A-444C-8733-ACBE3459E2B2}.Release|Any CPU.ActiveCfg = Release|Any CPU
		{BDAF05C2-F99A-444C-8733-ACBE3459E2B2}.Release|Any CPU.Build.0 = Release|Any CPU
	EndGlobalSection
	GlobalSection(SolutionProperties) = preSolution
		HideSolutionNode = FALSE
	EndGlobalSection
	GlobalSection(ExtensibilityGlobals) = postSolution
		SolutionGuid = {C482CCAC-8357-4025-8B74-EC0F9376A19A}
	EndGlobalSection
EndGlobal
